
Microsoft Visual Studio Solution File, Format Version 12.00
# Visual Studio 15
VisualStudioVersion = 15.0.28010.0
MinimumVisualStudioVersion = 10.0.40219.1
Project("{FAE04EC0-301F-11D3-BF4B-00C04F79EFBC}") = "Exercise2B_optional-parameters", "Exercise2B_optional-parameters\Exercise2B_optional-parameters.csproj", "{0A40CE56-A0BC-48F0-97F8-4B972E41E015}"
EndProject
Global
	GlobalSection(SolutionConfigurationPlatforms) = preSolution
		Debug|Any CPU = Debug|Any CPU
		Release|Any CPU = Release|Any CPU
	EndGlobalSection
	GlobalSection(ProjectConfigurationPlatforms) = postSolution
		{0A40CE56-A0BC-48F0-97F8-4B972E41E015}.Debug|Any CPU.ActiveCfg = Debug|Any CPU
		{0A40CE56-A0BC-48F0-97F8-4B972E41E015}.Debug|Any CPU.Build.0 = Debug|Any CPU
		{0A40CE56-A0BC-48F0-97F8-4B972E41E015}.Release|Any CPU.ActiveCfg = Release|Any CPU
		{0A40CE56-A0BC-48F0-97F8-4B972E41E015}.Release|Any CPU.Build.0 = Release|Any CPU
	EndGlobalSection
	GlobalSection(SolutionProperties) = preSolution
		HideSolutionNode = FALSE
	EndGlobalSection
	GlobalSection(ExtensibilityGlobals) = postSolution
		SolutionGuid = {78A7F7E8-036C-491C-BF61-2D081FE2D8BC}
	EndGlobalSection
EndGlobal
